
Microsoft Visual Studio Solution File, Format Version 12.00
# Visual Studio 15
VisualStudioVersion = 15.0.28307.572
MinimumVisualStudioVersion = 10.0.40219.1
Project("{9A19103F-16F7-4668-BE54-9A1E7A4F7556}") = "Village.Core", "Village.Core\Village.Core.csproj", "{5D7BA92A-3DFE-4A43-A955-EB7F9F54CB5F}"
EndProject
Project("{9A19103F-16F7-4668-BE54-9A1E7A4F7556}") = "Village.ConsoleApp", "Village.ConsoleApp\Village.ConsoleApp.csproj", "{7D919340-CADA-49F8-B172-9C61946153F4}"
EndProject
Project("{FAE04EC0-301F-11D3-BF4B-00C04F79EFBC}") = "Village.DesktopApp", "Village.DesktopApp\Village.DesktopApp.csproj", "{EF21B5D3-E4A9-4585-BF6A-6187A8070EA6}"
EndProject
Global
	GlobalSection(SolutionConfigurationPlatforms) = preSolution
		Debug|Any CPU = Debug|Any CPU
		Release|Any CPU = Release|Any CPU
	EndGlobalSection
	GlobalSection(ProjectConfigurationPlatforms) = postSolution
		{5D7BA92A-3DFE-4A43-A955-EB7F9F54CB5F}.Debug|Any CPU.ActiveCfg = Debug|Any CPU
		{5D7BA92A-3DFE-4A43-A955-EB7F9F54CB5F}.Debug|Any CPU.Build.0 = Debug|Any CPU
		{5D7BA92A-3DFE-4A43-A955-EB7F9F54CB5F}.Release|Any CPU.ActiveCfg = Release|Any CPU
		{5D7BA92A-3DFE-4A43-A955-EB7F9F54CB5F}.Release|Any CPU.Build.0 = Release|Any CPU
		{7D919340-CADA-49F8-B172-9C61946153F4}.Debug|Any CPU.ActiveCfg = Debug|Any CPU
		{7D919340-CADA-49F8-B172-9C61946153F4}.Debug|Any CPU.Build.0 = Debug|Any CPU
		{7D919340-CADA-49F8-B172-9C61946153F4}.Release|Any CPU.ActiveCfg = Release|Any CPU
		{7D919340-CADA-49F8-B172-9C61946153F4}.Release|Any CPU.Build.0 = Release|Any CPU
		{EF21B5D3-E4A9-4585-BF6A-6187A8070EA6}.Debug|Any CPU.ActiveCfg = Debug|Any CPU
		{EF21B5D3-E4A9-4585-BF6A-6187A8070EA6}.Debug|Any CPU.Build.0 = Debug|Any CPU
		{EF21B5D3-E4A9-4585-BF6A-6187A8070EA6}.Release|Any CPU.ActiveCfg = Release|Any CPU
		{EF21B5D3-E4A9-4585-BF6A-6187A8070EA6}.Release|Any CPU.Build.0 = Release|Any CPU
	EndGlobalSection
	GlobalSection(SolutionProperties) = preSolution
		HideSolutionNode = FALSE
	EndGlobalSection
	GlobalSection(ExtensibilityGlobals) = postSolution
		SolutionGuid = {2A5B7BDC-BE63-4E60-B5C6-3AA473A506E9}
	EndGlobalSection
EndGlobal
